
Microsoft Visual Studio Solution File, Format Version 12.00
# Visual Studio Version 17
VisualStudioVersion = 17.5.002.0
MinimumVisualStudioVersion = 10.0.40219.1
Project("{9A19103F-16F7-4668-BE54-9A1E7A4F7556}") = "СSharp", "СSharp\СSharp.csproj", "{407CE319-4468-46B6-A640-E05AE7076BDB}"
EndProject
Global
	GlobalSection(SolutionConfigurationPlatforms) = preSolution
		Debug|Any CPU = Debug|Any CPU
		Release|Any CPU = Release|Any CPU
	EndGlobalSection
	GlobalSection(ProjectConfigurationPlatforms) = postSolution
		{407CE319-4468-46B6-A640-E05AE7076BDB}.Debug|Any CPU.ActiveCfg = Debug|Any CPU
		{407CE319-4468-46B6-A640-E05AE7076BDB}.Debug|Any CPU.Build.0 = Debug|Any CPU
		{407CE319-4468-46B6-A640-E05AE7076BDB}.Release|Any CPU.ActiveCfg = Release|Any CPU
		{407CE319-4468-46B6-A640-E05AE7076BDB}.Release|Any CPU.Build.0 = Release|Any CPU
	EndGlobalSection
	GlobalSection(SolutionProperties) = preSolution
		HideSolutionNode = FALSE
	EndGlobalSection
	GlobalSection(ExtensibilityGlobals) = postSolution
		SolutionGuid = {E7909A36-A07D-4533-8125-4E1F144AD696}
	EndGlobalSection
EndGlobal
